
Microsoft Visual Studio Solution File, Format Version 12.00
# Visual Studio 15
VisualStudioVersion = 15.0.26124.0
MinimumVisualStudioVersion = 15.0.26124.0
Project("{2150E333-8FDC-42A3-9474-1A3956D46DE8}") = "src", "src", "{BD5D5C68-2E86-4C0E-8D52-612D265FDCFD}"
EndProject
Project("{FAE04EC0-301F-11D3-BF4B-00C04F79EFBC}") = "GradeBook", "src\GradeBook\GradeBook.csproj", "{99518D20-F675-4425-85AD-A490D036351D}"
EndProject
Project("{2150E333-8FDC-42A3-9474-1A3956D46DE8}") = "test", "test", "{E114DA63-96AA-477F-A75C-722063E3D822}"
EndProject
Project("{FAE04EC0-301F-11D3-BF4B-00C04F79EFBC}") = "GradeBook.Tests", "test\GradeBook.Tests\GradeBook.Tests.csproj", "{3289A2D3-49F7-433F-A991-0B78C8AD4589}"
EndProject
Global
	GlobalSection(SolutionConfigurationPlatforms) = preSolution
		Debug|Any CPU = Debug|Any CPU
		Debug|x64 = Debug|x64
		Debug|x86 = Debug|x86
		Release|Any CPU = Release|Any CPU
		Release|x64 = Release|x64
		Release|x86 = Release|x86
	EndGlobalSection
	GlobalSection(SolutionProperties) = preSolution
		HideSolutionNode = FALSE
	EndGlobalSection
	GlobalSection(ProjectConfigurationPlatforms) = postSolution
		{99518D20-F675-4425-85AD-A490D036351D}.Debug|Any CPU.ActiveCfg = Debug|Any CPU
		{99518D20-F675-4425-85AD-A490D036351D}.Debug|Any CPU.Build.0 = Debug|Any CPU
		{99518D20-F675-4425-85AD-A490D036351D}.Debug|x64.ActiveCfg = Debug|Any CPU
		{99518D20-F675-4425-85AD-A490D036351D}.Debug|x64.Build.0 = Debug|Any CPU
		{99518D20-F675-4425-85AD-A490D036351D}.Debug|x86.ActiveCfg = Debug|Any CPU
		{99518D20-F675-4425-85AD-A490D036351D}.Debug|x86.Build.0 = Debug|Any CPU
		{99518D20-F675-4425-85AD-A490D036351D}.Release|Any CPU.ActiveCfg = Release|Any CPU
		{99518D20-F675-4425-85AD-A490D036351D}.Release|Any CPU.Build.0 = Release|Any CPU
		{99518D20-F675-4425-85AD-A490D036351D}.Release|x64.ActiveCfg = Release|Any CPU
		{99518D20-F675-4425-85AD-A490D036351D}.Release|x64.Build.0 = Release|Any CPU
		{99518D20-F675-4425-85AD-A490D036351D}.Release|x86.ActiveCfg = Release|Any CPU
		{99518D20-F675-4425-85AD-A490D036351D}.Release|x86.Build.0 = Release|Any CPU
		{3289A2D3-49F7-433F-A991-0B78C8AD4589}.Debug|Any CPU.ActiveCfg = Debug|Any CPU
		{3289A2D3-49F7-433F-A991-0B78C8AD4589}.Debug|Any CPU.Build.0 = Debug|Any CPU
		{3289A2D3-49F7-433F-A991-0B78C8AD4589}.Debug|x64.ActiveCfg = Debug|Any CPU
		{3289A2D3-49F7-433F-A991-0B78C8AD4589}.Debug|x64.Build.0 = Debug|Any CPU
		{3289A2D3-49F7-433F-A991-0B78C8AD4589}.Debug|x86.ActiveCfg = Debug|Any CPU
		{3289A2D3-49F7-433F-A991-0B78C8AD4589}.Debug|x86.Build.0 = Debug|Any CPU
		{3289A2D3-49F7-433F-A991-0B78C8AD4589}.Release|Any CPU.ActiveCfg = Release|Any CPU
		{3289A2D3-49F7-433F-A991-0B78C8AD4589}.Release|Any CPU.Build.0 = Release|Any CPU
		{3289A2D3-49F7-433F-A991-0B78C8AD4589}.Release|x64.ActiveCfg = Release|Any CPU
		{3289A2D3-49F7-433F-A991-0B78C8AD4589}.Release|x64.Build.0 = Release|Any CPU
		{3289A2D3-49F7-433F-A991-0B78C8AD4589}.Release|x86.ActiveCfg = Release|Any CPU
		{3289A2D3-49F7-433F-A991-0B78C8AD4589}.Release|x86.Build.0 = Release|Any CPU
	EndGlobalSection
	GlobalSection(NestedProjects) = preSolution
		{99518D20-F675-4425-85AD-A490D036351D} = {BD5D5C68-2E86-4C0E-8D52-612D265FDCFD}
		{3289A2D3-49F7-433F-A991-0B78C8AD4589} = {E114DA63-96AA-477F-A75C-722063E3D822}
	EndGlobalSection
EndGlobal
